
Microsoft Visual Studio Solution File, Format Version 12.00
# Visual Studio 15
VisualStudioVersion = 15.0.28307.572
MinimumVisualStudioVersion = 10.0.40219.1
Project("{FAE04EC0-301F-11D3-BF4B-00C04F79EFBC}") = "Parser.Instagram.Return.HTML", "Parser.Instagram.Return.HTML\Parser.Instagram.Return.HTML\Parser.Instagram.Return.HTML.csproj", "{655E5001-D5C9-41F5-A0E8-5B7375996532}"
EndProject
Project("{FAE04EC0-301F-11D3-BF4B-00C04F79EFBC}") = "CLI.Instagram.Return.HTML", "CLI.Instagram.Return.HTML\CLI.Instagram.Return.HTML.csproj", "{B81A4A86-6908-48D9-8D46-EFC5E4FCE6DA}"
EndProject
Project("{FAE04EC0-301F-11D3-BF4B-00C04F79EFBC}") = "Utility.Tools", "Utility.Tools\Utility.Tools\Utility.Tools.csproj", "{CCE7A348-E46D-4593-8818-5CC9400B9C67}"
EndProject
Global
	GlobalSection(SolutionConfigurationPlatforms) = preSolution
		Debug|Any CPU = Debug|Any CPU
		Release|Any CPU = Release|Any CPU
	EndGlobalSection
	GlobalSection(ProjectConfigurationPlatforms) = postSolution
		{655E5001-D5C9-41F5-A0E8-5B7375996532}.Debug|Any CPU.ActiveCfg = Debug|Any CPU
		{655E5001-D5C9-41F5-A0E8-5B7375996532}.Debug|Any CPU.Build.0 = Debug|Any CPU
		{655E5001-D5C9-41F5-A0E8-5B7375996532}.Release|Any CPU.ActiveCfg = Release|Any CPU
		{655E5001-D5C9-41F5-A0E8-5B7375996532}.Release|Any CPU.Build.0 = Release|Any CPU
		{B81A4A86-6908-48D9-8D46-EFC5E4FCE6DA}.Debug|Any CPU.ActiveCfg = Debug|Any CPU
		{B81A4A86-6908-48D9-8D46-EFC5E4FCE6DA}.Debug|Any CPU.Build.0 = Debug|Any CPU
		{B81A4A86-6908-48D9-8D46-EFC5E4FCE6DA}.Release|Any CPU.ActiveCfg = Release|Any CPU
		{B81A4A86-6908-48D9-8D46-EFC5E4FCE6DA}.Release|Any CPU.Build.0 = Release|Any CPU
		{CCE7A348-E46D-4593-8818-5CC9400B9C67}.Debug|Any CPU.ActiveCfg = Debug|Any CPU
		{CCE7A348-E46D-4593-8818-5CC9400B9C67}.Debug|Any CPU.Build.0 = Debug|Any CPU
		{CCE7A348-E46D-4593-8818-5CC9400B9C67}.Release|Any CPU.ActiveCfg = Release|Any CPU
		{CCE7A348-E46D-4593-8818-5CC9400B9C67}.Release|Any CPU.Build.0 = Release|Any CPU
	EndGlobalSection
	GlobalSection(SolutionProperties) = preSolution
		HideSolutionNode = FALSE
	EndGlobalSection
	GlobalSection(ExtensibilityGlobals) = postSolution
		SolutionGuid = {B861BA9E-9FD3-4EE3-B4F6-F604CB304DD9}
	EndGlobalSection
EndGlobal
